
Microsoft Visual Studio Solution File, Format Version 12.00
# Visual Studio Version 17
VisualStudioVersion = 17.11.35312.102
MinimumVisualStudioVersion = 10.0.40219.1
Project("{FAE04EC0-301F-11D3-BF4B-00C04F79EFBC}") = "EMAPI", "EMAPI\EMAPI.csproj", "{69887375-0959-484C-8425-05B626D7CC08}"
EndProject
Global
	GlobalSection(SolutionConfigurationPlatforms) = preSolution
		Debug|Any CPU = Debug|Any CPU
		Release|Any CPU = Release|Any CPU
	EndGlobalSection
	GlobalSection(ProjectConfigurationPlatforms) = postSolution
		{69887375-0959-484C-8425-05B626D7CC08}.Debug|Any CPU.ActiveCfg = Debug|Any CPU
		{69887375-0959-484C-8425-05B626D7CC08}.Debug|Any CPU.Build.0 = Debug|Any CPU
		{69887375-0959-484C-8425-05B626D7CC08}.Release|Any CPU.ActiveCfg = Release|Any CPU
		{69887375-0959-484C-8425-05B626D7CC08}.Release|Any CPU.Build.0 = Release|Any CPU
	EndGlobalSection
	GlobalSection(SolutionProperties) = preSolution
		HideSolutionNode = FALSE
	EndGlobalSection
	GlobalSection(ExtensibilityGlobals) = postSolution
		SolutionGuid = {525534D7-4D04-490B-AD2C-DA682BCF3F6C}
	EndGlobalSection
EndGlobal
